
Microsoft Visual Studio Solution File, Format Version 12.00
# Visual Studio Version 16
VisualStudioVersion = 16.0.30330.147
MinimumVisualStudioVersion = 10.0.40219.1
Project("{9A19103F-16F7-4668-BE54-9A1E7A4F7556}") = "kochergin-225-5", "kochergin-225-5\kochergin-225-5.csproj", "{7D262415-2170-4CC0-AFDF-9BDCB5014DBB}"
EndProject
Project("{9A19103F-16F7-4668-BE54-9A1E7A4F7556}") = "2", "2\2.csproj", "{AF8A1CED-9C1C-4EB9-91A9-ADC191B39D89}"
EndProject
Project("{FAE04EC0-301F-11D3-BF4B-00C04F79EFBC}") = "3", "3\3.csproj", "{7BD83928-D428-4A5D-9E91-EC905DC2375B}"
EndProject
Project("{FAE04EC0-301F-11D3-BF4B-00C04F79EFBC}") = "4", "4\4.csproj", "{448A2D9C-03DF-4F7D-9C21-1DFAD498CA5E}"
EndProject
Project("{FAE04EC0-301F-11D3-BF4B-00C04F79EFBC}") = "5", "5\5.csproj", "{E1681FC0-CBDF-4CD6-AE57-904E860F764E}"
EndProject
Project("{FAE04EC0-301F-11D3-BF4B-00C04F79EFBC}") = "6", "6\6.csproj", "{BF3B6C67-DBCE-4991-921C-FD26B051A602}"
EndProject
Global
	GlobalSection(SolutionConfigurationPlatforms) = preSolution
		Debug|Any CPU = Debug|Any CPU
		Release|Any CPU = Release|Any CPU
	EndGlobalSection
	GlobalSection(ProjectConfigurationPlatforms) = postSolution
		{7D262415-2170-4CC0-AFDF-9BDCB5014DBB}.Debug|Any CPU.ActiveCfg = Debug|Any CPU
		{7D262415-2170-4CC0-AFDF-9BDCB5014DBB}.Debug|Any CPU.Build.0 = Debug|Any CPU
		{7D262415-2170-4CC0-AFDF-9BDCB5014DBB}.Release|Any CPU.ActiveCfg = Release|Any CPU
		{7D262415-2170-4CC0-AFDF-9BDCB5014DBB}.Release|Any CPU.Build.0 = Release|Any CPU
		{AF8A1CED-9C1C-4EB9-91A9-ADC191B39D89}.Debug|Any CPU.ActiveCfg = Debug|Any CPU
		{AF8A1CED-9C1C-4EB9-91A9-ADC191B39D89}.Debug|Any CPU.Build.0 = Debug|Any CPU
		{AF8A1CED-9C1C-4EB9-91A9-ADC191B39D89}.Release|Any CPU.ActiveCfg = Release|Any CPU
		{AF8A1CED-9C1C-4EB9-91A9-ADC191B39D89}.Release|Any CPU.Build.0 = Release|Any CPU
		{7BD83928-D428-4A5D-9E91-EC905DC2375B}.Debug|Any CPU.ActiveCfg = Debug|Any CPU
		{7BD83928-D428-4A5D-9E91-EC905DC2375B}.Debug|Any CPU.Build.0 = Debug|Any CPU
		{7BD83928-D428-4A5D-9E91-EC905DC2375B}.Release|Any CPU.ActiveCfg = Release|Any CPU
		{7BD83928-D428-4A5D-9E91-EC905DC2375B}.Release|Any CPU.Build.0 = Release|Any CPU
		{448A2D9C-03DF-4F7D-9C21-1DFAD498CA5E}.Debug|Any CPU.ActiveCfg = Debug|Any CPU
		{448A2D9C-03DF-4F7D-9C21-1DFAD498CA5E}.Debug|Any CPU.Build.0 = Debug|Any CPU
		{448A2D9C-03DF-4F7D-9C21-1DFAD498CA5E}.Release|Any CPU.ActiveCfg = Release|Any CPU
		{448A2D9C-03DF-4F7D-9C21-1DFAD498CA5E}.Release|Any CPU.Build.0 = Release|Any CPU
		{E1681FC0-CBDF-4CD6-AE57-904E860F764E}.Debug|Any CPU.ActiveCfg = Debug|Any CPU
		{E1681FC0-CBDF-4CD6-AE57-904E860F764E}.Debug|Any CPU.Build.0 = Debug|Any CPU
		{E1681FC0-CBDF-4CD6-AE57-904E860F764E}.Release|Any CPU.ActiveCfg = Release|Any CPU
		{E1681FC0-CBDF-4CD6-AE57-904E860F764E}.Release|Any CPU.Build.0 = Release|Any CPU
		{BF3B6C67-DBCE-4991-921C-FD26B051A602}.Debug|Any CPU.ActiveCfg = Debug|Any CPU
		{BF3B6C67-DBCE-4991-921C-FD26B051A602}.Debug|Any CPU.Build.0 = Debug|Any CPU
		{BF3B6C67-DBCE-4991-921C-FD26B051A602}.Release|Any CPU.ActiveCfg = Release|Any CPU
		{BF3B6C67-DBCE-4991-921C-FD26B051A602}.Release|Any CPU.Build.0 = Release|Any CPU
	EndGlobalSection
	GlobalSection(SolutionProperties) = preSolution
		HideSolutionNode = FALSE
	EndGlobalSection
	GlobalSection(ExtensibilityGlobals) = postSolution
		SolutionGuid = {803AF77D-5FD9-4800-AEDF-BBA3BFB38D0B}
	EndGlobalSection
EndGlobal
